
Microsoft Visual Studio Solution File, Format Version 12.00
# Visual Studio Version 17
VisualStudioVersion = 17.5.33627.172
MinimumVisualStudioVersion = 10.0.40219.1
Project("{FAE04EC0-301F-11D3-BF4B-00C04F79EFBC}") = "String Operation's", "String Operation's\String Operation's.csproj", "{B779694E-5392-4AB6-BC37-73CC838166DB}"
EndProject
Global
	GlobalSection(SolutionConfigurationPlatforms) = preSolution
		Debug|Any CPU = Debug|Any CPU
		Release|Any CPU = Release|Any CPU
	EndGlobalSection
	GlobalSection(ProjectConfigurationPlatforms) = postSolution
		{B779694E-5392-4AB6-BC37-73CC838166DB}.Debug|Any CPU.ActiveCfg = Debug|Any CPU
		{B779694E-5392-4AB6-BC37-73CC838166DB}.Debug|Any CPU.Build.0 = Debug|Any CPU
		{B779694E-5392-4AB6-BC37-73CC838166DB}.Release|Any CPU.ActiveCfg = Release|Any CPU
		{B779694E-5392-4AB6-BC37-73CC838166DB}.Release|Any CPU.Build.0 = Release|Any CPU
	EndGlobalSection
	GlobalSection(SolutionProperties) = preSolution
		HideSolutionNode = FALSE
	EndGlobalSection
	GlobalSection(ExtensibilityGlobals) = postSolution
		SolutionGuid = {03256485-87A5-4DF7-984A-9FC77CF0B347}
	EndGlobalSection
EndGlobal
